// !$*UTF8*$!
{
	archiveVersion = 1;
	classes = {
	};
	objectVersion = 48;
	objects = {

/* Begin PBXBuildFile section */
		FAF12B87210859F100D8201C /* AppDelegate.swift in Sources */ = {isa = PBXBuildFile; fileRef = FAF12B86210859F100D8201C /* AppDelegate.swift */; };
		FAF12B8E210859F100D8201C /* Assets.xcassets in Resources */ = {isa = PBXBuildFile; fileRef = FAF12B8D210859F100D8201C /* Assets.xcassets */; };
		FAF12B91210859F100D8201C /* LaunchScreen.storyboard in Resources */ = {isa = PBXBuildFile; fileRef = FAF12B8F210859F100D8201C /* LaunchScreen.storyboard */; };
		FAF12B9C210859F100D8201C /* SwipeViewControllersTests.swift in Sources */ = {isa = PBXBuildFile; fileRef = FAF12B9B210859F100D8201C /* SwipeViewControllersTests.swift */; };
		FAF12BA7210859F200D8201C /* SwipeViewControllersUITests.swift in Sources */ = {isa = PBXBuildFile; fileRef = FAF12BA6210859F200D8201C /* SwipeViewControllersUITests.swift */; };
		FAF12BB621085AA900D8201C /* MainVC.swift in Sources */ = {isa = PBXBuildFile; fileRef = FAF12BB421085AA900D8201C /* MainVC.swift */; };
		FAF12BB721085AA900D8201C /* MainVC.xib in Resources */ = {isa = PBXBuildFile; fileRef = FAF12BB521085AA900D8201C /* MainVC.xib */; };
		FAF12BBA21085AC700D8201C /* FirstVC.swift in Sources */ = {isa = PBXBuildFile; fileRef = FAF12BB821085AC700D8201C /* FirstVC.swift */; };
		FAF12BBB21085AC700D8201C /* FirstVC.xib in Resources */ = {isa = PBXBuildFile; fileRef = FAF12BB921085AC700D8201C /* FirstVC.xib */; };
		FAF12BBE21085AD800D8201C /* SecondVC.swift in Sources */ = {isa = PBXBuildFile; fileRef = FAF12BBC21085AD800D8201C /* SecondVC.swift */; };
		FAF12BBF21085AD800D8201C /* SecondVC.xib in Resources */ = {isa = PBXBuildFile; fileRef = FAF12BBD21085AD800D8201C /* SecondVC.xib */; };
		FAF12BC22108602200D8201C /* ThirdVC.swift in Sources */ = {isa = PBXBuildFile; fileRef = FAF12BC02108602200D8201C /* ThirdVC.swift */; };
		FAF12BC32108602200D8201C /* ThirdVC.xib in Resources */ = {isa = PBXBuildFile; fileRef = FAF12BC12108602200D8201C /* ThirdVC.xib */; };
/* End PBXBuildFile section */

/* Begin PBXContainerItemProxy section */
		FAF12B98210859F100D8201C /* PBXContainerItemProxy */ = {
			isa = PBXContainerItemProxy;
			containerPortal = FAF12B7B210859F100D8201C /* Project object */;
			proxyType = 1;
			remoteGlobalIDString = FAF12B82210859F100D8201C;
			remoteInfo = SwipeViewControllers;
		};
		FAF12BA3210859F100D8201C /* PBXContainerItemProxy */ = {
			isa = PBXContainerItemProxy;
			containerPortal = FAF12B7B210859F100D8201C /* Project object */;
			proxyType = 1;
			remoteGlobalIDString = FAF12B82210859F100D8201C;
			remoteInfo = SwipeViewControllers;
		};
/* End PBXContainerItemProxy section */

/* Begin PBXFileReference section */
		FAF12B83210859F100D8201C /* SwipeViewControllers.app */ = {isa = PBXFileReference; explicitFileType = wrapper.application; includeInIndex = 0; path = SwipeViewControllers.app; sourceTree = BUILT_PRODUCTS_DIR; };
		FAF12B86210859F100D8201C /* AppDelegate.swift */ = {isa = PBXFileReference; lastKnownFileType = sourcecode.swift; path = AppDelegate.swift; sourceTree = "<group>"; };
		FAF12B8D210859F100D8201C /* Assets.xcassets */ = {isa = PBXFileReference; lastKnownFileType = folder.assetcatalog; path = Assets.xcassets; sourceTree = "<group>"; };
		FAF12B90210859F100D8201C /* Base */ = {isa = PBXFileReference; lastKnownFileType = file.storyboard; name = Base; path = Base.lproj/LaunchScreen.storyboard; sourceTree = "<group>"; };
		FAF12B92210859F100D8201C /* Info.plist */ = {isa = PBXFileReference; lastKnownFileType = text.plist.xml; path = Info.plist; sourceTree = "<group>"; };
		FAF12B97210859F100D8201C /* SwipeViewControllersTests.xctest */ = {isa = PBXFileReference; explicitFileType = wrapper.cfbundle; includeInIndex = 0; path = SwipeViewControllersTests.xctest; sourceTree = BUILT_PRODUCTS_DIR; };
		FAF12B9B210859F100D8201C /* SwipeViewControllersTests.swift */ = {isa = PBXFileReference; lastKnownFileType = sourcecode.swift; path = SwipeViewControllersTests.swift; sourceTree = "<group>"; };
		FAF12B9D210859F100D8201C /* Info.plist */ = {isa = PBXFileReference; lastKnownFileType = text.plist.xml; path = Info.plist; sourceTree = "<group>"; };
		FAF12BA2210859F100D8201C /* SwipeViewControllersUITests.xctest */ = {isa = PBXFileReference; explicitFileType = wrapper.cfbundle; includeInIndex = 0; path = SwipeViewControllersUITests.xctest; sourceTree = BUILT_PRODUCTS_DIR; };
		FAF12BA6210859F200D8201C /* SwipeViewControllersUITests.swift */ = {isa = PBXFileReference; lastKnownFileType = sourcecode.swift; path = SwipeViewControllersUITests.swift; sourceTree = "<group>"; };
		FAF12BA8210859F200D8201C /* Info.plist */ = {isa = PBXFileReference; lastKnownFileType = text.plist.xml; path = Info.plist; sourceTree = "<group>"; };
		FAF12BB421085AA900D8201C /* MainVC.swift */ = {isa = PBXFileReference; lastKnownFileType = sourcecode.swift; path = MainVC.swift; sourceTree = "<group>"; };
		FAF12BB521085AA900D8201C /* MainVC.xib */ = {isa = PBXFileReference; lastKnownFileType = file.xib; path = MainVC.xib; sourceTree = "<group>"; };
		FAF12BB821085AC700D8201C /* FirstVC.swift */ = {isa = PBXFileReference; lastKnownFileType = sourcecode.swift; path = FirstVC.swift; sourceTree = "<group>"; };
		FAF12BB921085AC700D8201C /* FirstVC.xib */ = {isa = PBXFileReference; lastKnownFileType = file.xib; path = FirstVC.xib; sourceTree = "<group>"; };
		FAF12BBC21085AD800D8201C /* SecondVC.swift */ = {isa = PBXFileReference; lastKnownFileType = sourcecode.swift; path = SecondVC.swift; sourceTree = "<group>"; };
		FAF12BBD21085AD800D8201C /* SecondVC.xib */ = {isa = PBXFileReference; lastKnownFileType = file.xib; path = SecondVC.xib; sourceTree = "<group>"; };
		FAF12BC02108602200D8201C /* ThirdVC.swift */ = {isa = PBXFileReference; lastKnownFileType = sourcecode.swift; path = ThirdVC.swift; sourceTree = "<group>"; };
		FAF12BC12108602200D8201C /* ThirdVC.xib */ = {isa = PBXFileReference; lastKnownFileType = file.xib; path = ThirdVC.xib; sourceTree = "<group>"; };
/* End PBXFileReference section */

/* Begin PBXFrameworksBuildPhase section */
		FAF12B80210859F100D8201C /* Frameworks */ = {
			isa = PBXFrameworksBuildPhase;
			buildActionMask = 2147483647;
			files = (
			);
			runOnlyForDeploymentPostprocessing = 0;
		};
		FAF12B94210859F100D8201C /* Frameworks */ = {
			isa = PBXFrameworksBuildPhase;
			buildActionMask = 2147483647;
			files = (
			);
			runOnlyForDeploymentPostprocessing = 0;
		};
		FAF12B9F210859F100D8201C /* Frameworks */ = {
			isa = PBXFrameworksBuildPhase;
			buildActionMask = 2147483647;
			files = (
			);
			runOnlyForDeploymentPostprocessing = 0;
		};
/* End PBXFrameworksBuildPhase section */

/* Begin PBXGroup section */
		FAF12B7A210859F100D8201C = {
			isa = PBXGroup;
			children = (
				FAF12B85210859F100D8201C /* SwipeViewControllers */,
				FAF12B9A210859F100D8201C /* SwipeViewControllersTests */,
				FAF12BA5210859F100D8201C /* SwipeViewControllersUITests */,
				FAF12B84210859F100D8201C /* Products */,
			);
			sourceTree = "<group>";
		};
		FAF12B84210859F100D8201C /* Products */ = {
			isa = PBXGroup;
			children = (
				FAF12B83210859F100D8201C /* SwipeViewControllers.app */,
				FAF12B97210859F100D8201C /* SwipeViewControllersTests.xctest */,
				FAF12BA2210859F100D8201C /* SwipeViewControllersUITests.xctest */,
			);
			name = Products;
			sourceTree = "<group>";
		};
		FAF12B85210859F100D8201C /* SwipeViewControllers */ = {
			isa = PBXGroup;
			children = (
				FAF12B86210859F100D8201C /* AppDelegate.swift */,
				FAF12B8D210859F100D8201C /* Assets.xcassets */,
				FAF12B8F210859F100D8201C /* LaunchScreen.storyboard */,
				FAF12B92210859F100D8201C /* Info.plist */,
				FAF12BC42108692900D8201C /* Main */,
				FAF12BC52108693100D8201C /* First */,
				FAF12BC62108693900D8201C /* Second */,
				FAF12BC72108694000D8201C /* Third */,
			);
			path = SwipeViewControllers;
			sourceTree = "<group>";
		};
		FAF12B9A210859F100D8201C /* SwipeViewControllersTests */ = {
			isa = PBXGroup;
			children = (
				FAF12B9B210859F100D8201C /* SwipeViewControllersTests.swift */,
				FAF12B9D210859F100D8201C /* Info.plist */,
			);
			path = SwipeViewControllersTests;
			sourceTree = "<group>";
		};
		FAF12BA5210859F100D8201C /* SwipeViewControllersUITests */ = {
			isa = PBXGroup;
			children = (
				FAF12BA6210859F200D8201C /* SwipeViewControllersUITests.swift */,
				FAF12BA8210859F200D8201C /* Info.plist */,
			);
			path = SwipeViewControllersUITests;
			sourceTree = "<group>";
		};
		FAF12BC42108692900D8201C /* Main */ = {
			isa = PBXGroup;
			children = (
				FAF12BB421085AA900D8201C /* MainVC.swift */,
				FAF12BB521085AA900D8201C /* MainVC.xib */,
			);
			path = Main;
			sourceTree = "<group>";
		};
		FAF12BC52108693100D8201C /* First */ = {
			isa = PBXGroup;
			children = (
				FAF12BB821085AC700D8201C /* FirstVC.swift */,
				FAF12BB921085AC700D8201C /* FirstVC.xib */,
			);
			path = First;
			sourceTree = "<group>";
		};
		FAF12BC62108693900D8201C /* Second */ = {
			isa = PBXGroup;
			children = (
				FAF12BBC21085AD800D8201C /* SecondVC.swift */,
				FAF12BBD21085AD800D8201C /* SecondVC.xib */,
			);
			path = Second;
			sourceTree = "<group>";
		};
		FAF12BC72108694000D8201C /* Third */ = {
			isa = PBXGroup;
			children = (
				FAF12BC02108602200D8201C /* ThirdVC.swift */,
				FAF12BC12108602200D8201C /* ThirdVC.xib */,
			);
			path = Third;
			sourceTree = "<group>";
		};
/* End PBXGroup section */

/* Begin PBXNativeTarget section */
		FAF12B82210859F100D8201C /* SwipeViewControllers */ = {
			isa = PBXNativeTarget;
			buildConfigurationList = FAF12BAB210859F200D8201C /* Build configuration list for PBXNativeTarget "SwipeViewControllers" */;
			buildPhases = (
				FAF12B7F210859F100D8201C /* Sources */,
				FAF12B80210859F100D8201C /* Frameworks */,
				FAF12B81210859F100D8201C /* Resources */,
			);
			buildRules = (
			);
			dependencies = (
			);
			name = SwipeViewControllers;
			productName = SwipeViewControllers;
			productReference = FAF12B83210859F100D8201C /* SwipeViewControllers.app */;
			productType = "com.apple.product-type.application";
		};
		FAF12B96210859F100D8201C /* SwipeViewControllersTests */ = {
			isa = PBXNativeTarget;
			buildConfigurationList = FAF12BAE210859F200D8201C /* Build configuration list for PBXNativeTarget "SwipeViewControllersTests" */;
			buildPhases = (
				FAF12B93210859F100D8201C /* Sources */,
				FAF12B94210859F100D8201C /* Frameworks */,
				FAF12B95210859F100D8201C /* Resources */,
			);
			buildRules = (
			);
			dependencies = (
				FAF12B99210859F100D8201C /* PBXTargetDependency */,
			);
			name = SwipeViewControllersTests;
			productName = SwipeViewControllersTests;
			productReference = FAF12B97210859F100D8201C /* SwipeViewControllersTests.xctest */;
			productType = "com.apple.product-type.bundle.unit-test";
		};
		FAF12BA1210859F100D8201C /* SwipeViewControllersUITests */ = {
			isa = PBXNativeTarget;
			buildConfigurationList = FAF12BB1210859F200D8201C /* Build configuration list for PBXNativeTarget "SwipeViewControllersUITests" */;
			buildPhases = (
				FAF12B9E210859F100D8201C /* Sources */,
				FAF12B9F210859F100D8201C /* Frameworks */,
				FAF12BA0210859F100D8201C /* Resources */,
			);
			buildRules = (
			);
			dependencies = (
				FAF12BA4210859F100D8201C /* PBXTargetDependency */,
			);
			name = SwipeViewControllersUITests;
			productName = SwipeViewControllersUITests;
			productReference = FAF12BA2210859F100D8201C /* SwipeViewControllersUITests.xctest */;
			productType = "com.apple.product-type.bundle.ui-testing";
		};
/* End PBXNativeTarget section */

/* Begin PBXProject section */
		FAF12B7B210859F100D8201C /* Project object */ = {
			isa = PBXProject;
			attributes = {
				LastSwiftUpdateCheck = 0920;
				LastUpgradeCheck = 0920;
				ORGANIZATIONNAME = Macbook;
				TargetAttributes = {
					FAF12B82210859F100D8201C = {
						CreatedOnToolsVersion = 9.2;
						ProvisioningStyle = Automatic;
					};
					FAF12B96210859F100D8201C = {
						CreatedOnToolsVersion = 9.2;
						ProvisioningStyle = Automatic;
						TestTargetID = FAF12B82210859F100D8201C;
					};
					FAF12BA1210859F100D8201C = {
						CreatedOnToolsVersion = 9.2;
						ProvisioningStyle = Automatic;
						TestTargetID = FAF12B82210859F100D8201C;
					};
				};
			};
			buildConfigurationList = FAF12B7E210859F100D8201C /* Build configuration list for PBXProject "SwipeViewControllers" */;
			compatibilityVersion = "Xcode 8.0";
			developmentRegion = en;
			hasScannedForEncodings = 0;
			knownRegions = (
				en,
				Base,
			);
			mainGroup = FAF12B7A210859F100D8201C;
			productRefGroup = FAF12B84210859F100D8201C /* Products */;
			projectDirPath = "";
			projectRoot = "";
			targets = (
				FAF12B82210859F100D8201C /* SwipeViewControllers */,
				FAF12B96210859F100D8201C /* SwipeViewControllersTests */,
				FAF12BA1210859F100D8201C /* SwipeViewControllersUITests */,
			);
		};
/* End PBXProject section */

/* Begin PBXResourcesBuildPhase section */
		FAF12B81210859F100D8201C /* Resources */ = {
			isa = PBXResourcesBuildPhase;
			buildActionMask = 2147483647;
			files = (
				FAF12BBF21085AD800D8201C /* SecondVC.xib in Resources */,
				FAF12BB721085AA900D8201C /* MainVC.xib in Resources */,
				FAF12BBB21085AC700D8201C /* FirstVC.xib in Resources */,
				FAF12B91210859F100D8201C /* LaunchScreen.storyboard in Resources */,
				FAF12BC32108602200D8201C /* ThirdVC.xib in Resources */,
				FAF12B8E210859F100D8201C /* Assets.xcassets in Resources */,
			);
			runOnlyForDeploymentPostprocessing = 0;
		};
		FAF12B95210859F100D8201C /* Resources */ = {
			isa = PBXResourcesBuildPhase;
			buildActionMask = 2147483647;
			files = (
			);
			runOnlyForDeploymentPostprocessing = 0;
		};
		FAF12BA0210859F100D8201C /* Resources */ = {
			isa = PBXResourcesBuildPhase;
			buildActionMask = 2147483647;
			files = (
			);
			runOnlyForDeploymentPostprocessing = 0;
		};
/* End PBXResourcesBuildPhase section */

/* Begin PBXSourcesBuildPhase section */
		FAF12B7F210859F100D8201C /* Sources */ = {
			isa = PBXSourcesBuildPhase;
			buildActionMask = 2147483647;
			files = (
				FAF12B87210859F100D8201C /* AppDelegate.swift in Sources */,
				FAF12BBA21085AC700D8201C /* FirstVC.swift in Sources */,
				FAF12BBE21085AD800D8201C /* SecondVC.swift in Sources */,
				FAF12BB621085AA900D8201C /* MainVC.swift in Sources */,
				FAF12BC22108602200D8201C /* ThirdVC.swift in Sources */,
			);
			runOnlyForDeploymentPostprocessing = 0;
		};
		FAF12B93210859F100D8201C /* Sources */ = {
			isa = PBXSourcesBuildPhase;
			buildActionMask = 2147483647;
			files = (
				FAF12B9C210859F100D8201C /* SwipeViewControllersTests.swift in Sources */,
			);
			runOnlyForDeploymentPostprocessing = 0;
		};
		FAF12B9E210859F100D8201C /* Sources */ = {
			isa = PBXSourcesBuildPhase;
			buildActionMask = 2147483647;
			files = (
				FAF12BA7210859F200D8201C /* SwipeViewControllersUITests.swift in Sources */,
			);
			runOnlyForDeploymentPostprocessing = 0;
		};
/* End PBXSourcesBuildPhase section */

/* Begin PBXTargetDependency section */
		FAF12B99210859F100D8201C /* PBXTargetDependency */ = {
			isa = PBXTargetDependency;
			target = FAF12B82210859F100D8201C /* SwipeViewControllers */;
			targetProxy = FAF12B98210859F100D8201C /* PBXContainerItemProxy */;
		};
		FAF12BA4210859F100D8201C /* PBXTargetDependency */ = {
			isa = PBXTargetDependency;
			target = FAF12B82210859F100D8201C /* SwipeViewControllers */;
			targetProxy = FAF12BA3210859F100D8201C /* PBXContainerItemProxy */;
		};
/* End PBXTargetDependency section */

/* Begin PBXVariantGroup section */
		FAF12B8F210859F100D8201C /* LaunchScreen.storyboard */ = {
			isa = PBXVariantGroup;
			children = (
				FAF12B90210859F100D8201C /* Base */,
			);
			name = LaunchScreen.storyboard;
			sourceTree = "<group>";
		};
/* End PBXVariantGroup section */

/* Begin XCBuildConfiguration section */
		FAF12BA9210859F200D8201C /* Debug */ = {
			isa = XCBuildConfiguration;
			buildSettings = {
				ALWAYS_SEARCH_USER_PATHS = NO;
				CLANG_ANALYZER_NONNULL = YES;
				CLANG_ANALYZER_NUMBER_OBJECT_CONVERSION = YES_AGGRESSIVE;
				CLANG_CXX_LANGUAGE_STANDARD = "gnu++14";
				CLANG_CXX_LIBRARY = "libc++";
				CLANG_ENABLE_MODULES = YES;
				CLANG_ENABLE_OBJC_ARC = YES;
				CLANG_WARN_BLOCK_CAPTURE_AUTORELEASING = YES;
				CLANG_WARN_BOOL_CONVERSION = YES;
				CLANG_WARN_COMMA = YES;
				CLANG_WARN_CONSTANT_CONVERSION = YES;
				CLANG_WARN_DIRECT_OBJC_ISA_USAGE = YES_ERROR;
				CLANG_WARN_DOCUMENTATION_COMMENTS = YES;
				CLANG_WARN_EMPTY_BODY = YES;
				CLANG_WARN_ENUM_CONVERSION = YES;
				CLANG_WARN_INFINITE_RECURSION = YES;
				CLANG_WARN_INT_CONVERSION = YES;
				CLANG_WARN_NON_LITERAL_NULL_CONVERSION = YES;
				CLANG_WARN_OBJC_LITERAL_CONVERSION = YES;
				CLANG_WARN_OBJC_ROOT_CLASS = YES_ERROR;
				CLANG_WARN_RANGE_LOOP_ANALYSIS = YES;
				CLANG_WARN_STRICT_PROTOTYPES = YES;
				CLANG_WARN_SUSPICIOUS_MOVE = YES;
				CLANG_WARN_UNGUARDED_AVAILABILITY = YES_AGGRESSIVE;
				CLANG_WARN_UNREACHABLE_CODE = YES;
				CLANG_WARN__DUPLICATE_METHOD_MATCH = YES;
				CODE_SIGN_IDENTITY = "iPhone Developer";
				COPY_PHASE_STRIP = NO;
				DEBUG_INFORMATION_FORMAT = dwarf;
				ENABLE_STRICT_OBJC_MSGSEND = YES;
				ENABLE_TESTABILITY = YES;
				GCC_C_LANGUAGE_STANDARD = gnu11;
				GCC_DYNAMIC_NO_PIC = NO;
				GCC_NO_COMMON_BLOCKS = YES;
				GCC_OPTIMIZATION_LEVEL = 0;
				GCC_PREPROCESSOR_DEFINITIONS = (
					"DEBUG=1",
					"$(inherited)",
				);
				GCC_WARN_64_TO_32_BIT_CONVERSION = YES;
				GCC_WARN_ABOUT_RETURN_TYPE = YES_ERROR;
				GCC_WARN_UNDECLARED_SELECTOR = YES;
				GCC_WARN_UNINITIALIZED_AUTOS = YES_AGGRESSIVE;
				GCC_WARN_UNUSED_FUNCTION = YES;
				GCC_WARN_UNUSED_VARIABLE = YES;
				IPHONEOS_DEPLOYMENT_TARGET = 11.2;
				MTL_ENABLE_DEBUG_INFO = YES;
				ONLY_ACTIVE_ARCH = YES;
				SDKROOT = iphoneos;
				SWIFT_ACTIVE_COMPILATION_CONDITIONS = DEBUG;
				SWIFT_OPTIMIZATION_LEVEL = "-Onone";
			};
			name = Debug;
		};
		FAF12BAA210859F200D8201C /* Release */ = {
			isa = XCBuildConfiguration;
			buildSettings = {
				ALWAYS_SEARCH_USER_PATHS = NO;
				CLANG_ANALYZER_NONNULL = YES;
				CLANG_ANALYZER_NUMBER_OBJECT_CONVERSION = YES_AGGRESSIVE;
				CLANG_CXX_LANGUAGE_STANDARD = "gnu++14";
				CLANG_CXX_LIBRARY = "libc++";
				CLANG_ENABLE_MODULES = YES;
				CLANG_ENABLE_OBJC_ARC = YES;
				CLANG_WARN_BLOCK_CAPTURE_AUTORELEASING = YES;
				CLANG_WARN_BOOL_CONVERSION = YES;
				CLANG_WARN_COMMA = YES;
				CLANG_WARN_CONSTANT_CONVERSION = YES;
				CLANG_WARN_DIRECT_OBJC_ISA_USAGE = YES_ERROR;
				CLANG_WARN_DOCUMENTATION_COMMENTS = YES;
				CLANG_WARN_EMPTY_BODY = YES;
				CLANG_WARN_ENUM_CONVERSION = YES;
				CLANG_WARN_INFINITE_RECURSION = YES;
				CLANG_WARN_INT_CONVERSION = YES;
				CLANG_WARN_NON_LITERAL_NULL_CONVERSION = YES;
				CLANG_WARN_OBJC_LITERAL_CONVERSION = YES;
				CLANG_WARN_OBJC_ROOT_CLASS = YES_ERROR;
				CLANG_WARN_RANGE_LOOP_ANALYSIS = YES;
				CLANG_WARN_STRICT_PROTOTYPES = YES;
				CLANG_WARN_SUSPICIOUS_MOVE = YES;
				CLANG_WARN_UNGUARDED_AVAILABILITY = YES_AGGRESSIVE;
				CLANG_WARN_UNREACHABLE_CODE = YES;
				CLANG_WARN__DUPLICATE_METHOD_MATCH = YES;
				CODE_SIGN_IDENTITY = "iPhone Developer";
				COPY_PHASE_STRIP = NO;
				DEBUG_INFORMATION_FORMAT = "dwarf-with-dsym";
				ENABLE_NS_ASSERTIONS = NO;
				ENABLE_STRICT_OBJC_MSGSEND = YES;
				GCC_C_LANGUAGE_STANDARD = gnu11;
				GCC_NO_COMMON_BLOCKS = YES;
				GCC_WARN_64_TO_32_BIT_CONVERSION = YES;
				GCC_WARN_ABOUT_RETURN_TYPE = YES_ERROR;
				GCC_WARN_UNDECLARED_SELECTOR = YES;
				GCC_WARN_UNINITIALIZED_AUTOS = YES_AGGRESSIVE;
				GCC_WARN_UNUSED_FUNCTION = YES;
				GCC_WARN_UNUSED_VARIABLE = YES;
				IPHONEOS_DEPLOYMENT_TARGET = 11.2;
				MTL_ENABLE_DEBUG_INFO = NO;
				SDKROOT = iphoneos;
				SWIFT_OPTIMIZATION_LEVEL = "-Owholemodule";
				VALIDATE_PRODUCT = YES;
			};
			name = Release;
		};
		FAF12BAC210859F200D8201C /* Debug */ = {
			isa = XCBuildConfiguration;
			buildSettings = {
				ASSETCATALOG_COMPILER_APPICON_NAME = AppIcon;
				CODE_SIGN_STYLE = Automatic;
				INFOPLIST_FILE = SwipeViewControllers/Info.plist;
				LD_RUNPATH_SEARCH_PATHS = "$(inherited) @executable_path/Frameworks";
				PRODUCT_BUNDLE_IDENTIFIER = com.ayush.SwipeViewControllers;
				PRODUCT_NAME = "$(TARGET_NAME)";
				SWIFT_VERSION = 4.0;
				TARGETED_DEVICE_FAMILY = "1,2";
			};
			name = Debug;
		};
		FAF12BAD210859F200D8201C /* Release */ = {
			isa = XCBuildConfiguration;
			buildSettings = {
				ASSETCATALOG_COMPILER_APPICON_NAME = AppIcon;
				CODE_SIGN_STYLE = Automatic;
				INFOPLIST_FILE = SwipeViewControllers/Info.plist;
				LD_RUNPATH_SEARCH_PATHS = "$(inherited) @executable_path/Frameworks";
				PRODUCT_BUNDLE_IDENTIFIER = com.ayush.SwipeViewControllers;
				PRODUCT_NAME = "$(TARGET_NAME)";
				SWIFT_VERSION = 4.0;
				TARGETED_DEVICE_FAMILY = "1,2";
			};
			name = Release;
		};
		FAF12BAF210859F200D8201C /* Debug */ = {
			isa = XCBuildConfiguration;
			buildSettings = {
				ALWAYS_EMBED_SWIFT_STANDARD_LIBRARIES = YES;
				BUNDLE_LOADER = "$(TEST_HOST)";
				CODE_SIGN_STYLE = Automatic;
				INFOPLIST_FILE = SwipeViewControllersTests/Info.plist;
				LD_RUNPATH_SEARCH_PATHS = "$(inherited) @executable_path/Frameworks @loader_path/Frameworks";
				PRODUCT_BUNDLE_IDENTIFIER = com.ayush.SwipeViewControllersTests;
				PRODUCT_NAME = "$(TARGET_NAME)";
				SWIFT_VERSION = 4.0;
				TARGETED_DEVICE_FAMILY = "1,2";
				TEST_HOST = "$(BUILT_PRODUCTS_DIR)/SwipeViewControllers.app/SwipeViewControllers";
			};
			name = Debug;
		};
		FAF12BB0210859F200D8201C /* Release */ = {
			isa = XCBuildConfiguration;
			buildSettings = {
				ALWAYS_EMBED_SWIFT_STANDARD_LIBRARIES = YES;
				BUNDLE_LOADER = "$(TEST_HOST)";
				CODE_SIGN_STYLE = Automatic;
				INFOPLIST_FILE = SwipeViewControllersTests/Info.plist;
				LD_RUNPATH_SEARCH_PATHS = "$(inherited) @executable_path/Frameworks @loader_path/Frameworks";
				PRODUCT_BUNDLE_IDENTIFIER = com.ayush.SwipeViewControllersTests;
				PRODUCT_NAME = "$(TARGET_NAME)";
				SWIFT_VERSION = 4.0;
				TARGETED_DEVICE_FAMILY = "1,2";
				TEST_HOST = "$(BUILT_PRODUCTS_DIR)/SwipeViewControllers.app/SwipeViewControllers";
			};
			name = Release;
		};
		FAF12BB2210859F200D8201C /* Debug */ = {
			isa = XCBuildConfiguration;
			buildSettings = {
				ALWAYS_EMBED_SWIFT_STANDARD_LIBRARIES = YES;
				CODE_SIGN_STYLE = Automatic;
				INFOPLIST_FILE = SwipeViewControllersUITests/Info.plist;
				LD_RUNPATH_SEARCH_PATHS = "$(inherited) @executable_path/Frameworks @loader_path/Frameworks";
				PRODUCT_BUNDLE_IDENTIFIER = com.ayush.SwipeViewControllersUITests;
				PRODUCT_NAME = "$(TARGET_NAME)";
				SWIFT_VERSION = 4.0;
				TARGETED_DEVICE_FAMILY = "1,2";
				TEST_TARGET_NAME = SwipeViewControllers;
			};
			name = Debug;
		};
		FAF12BB3210859F200D8201C /* Release */ = {
			isa = XCBuildConfiguration;
			buildSettings = {
				ALWAYS_EMBED_SWIFT_STANDARD_LIBRARIES = YES;
				CODE_SIGN_STYLE = Automatic;
				INFOPLIST_FILE = SwipeViewControllersUITests/Info.plist;
				LD_RUNPATH_SEARCH_PATHS = "$(inherited) @executable_path/Frameworks @loader_path/Frameworks";
				PRODUCT_BUNDLE_IDENTIFIER = com.ayush.SwipeViewControllersUITests;
				PRODUCT_NAME = "$(TARGET_NAME)";
				SWIFT_VERSION = 4.0;
				TARGETED_DEVICE_FAMILY = "1,2";
				TEST_TARGET_NAME = SwipeViewControllers;
			};
			name = Release;
		};
/* End XCBuildConfiguration section */

/* Begin XCConfigurationList section */
		FAF12B7E210859F100D8201C /* Build configuration list for PBXProject "SwipeViewControllers" */ = {
			isa = XCConfigurationList;
			buildConfigurations = (
				FAF12BA9210859F200D8201C /* Debug */,
				FAF12BAA210859F200D8201C /* Release */,
			);
			defaultConfigurationIsVisible = 0;
			defaultConfigurationName = Release;
		};
		FAF12BAB210859F200D8201C /* Build configuration list for PBXNativeTarget "SwipeViewControllers" */ = {
			isa = XCConfigurationList;
			buildConfigurations = (
				FAF12BAC210859F200D8201C /* Debug */,
				FAF12BAD210859F200D8201C /* Release */,
			);
			defaultConfigurationIsVisible = 0;
			defaultConfigurationName = Release;
		};
		FAF12BAE210859F200D8201C /* Build configuration list for PBXNativeTarget "SwipeViewControllersTests" */ = {
			isa = XCConfigurationList;
			buildConfigurations = (
				FAF12BAF210859F200D8201C /* Debug */,
				FAF12BB0210859F200D8201C /* Release */,
			);
			defaultConfigurationIsVisible = 0;
			defaultConfigurationName = Release;
		};
		FAF12BB1210859F200D8201C /* Build configuration list for PBXNativeTarget "SwipeViewControllersUITests" */ = {
			isa = XCConfigurationList;
			buildConfigurations = (
				FAF12BB2210859F200D8201C /* Debug */,
				FAF12BB3210859F200D8201C /* Release */,
			);
			defaultConfigurationIsVisible = 0;
			defaultConfigurationName = Release;
		};
/* End XCConfigurationList section */
	};
	rootObject = FAF12B7B210859F100D8201C /* Project object */;
}
